{
  "name": "relative-svg",
  "version": "1.0.0",
  "lockfileVersion": 1,
  "requires": true,
  "dependencies": {
    "cassowary": {
      "version": "file:../cassowary.js"
    },
    "lodash-es": {
      "version": "4.17.5",
      "resolved": "https://registry.npmjs.org/lodash-es/-/lodash-es-4.17.5.tgz",
      "integrity": "sha512-Ez3ONp3TK9gX1HYKp6IhetcVybD+2F+Yp6GS9dfH8ue6EOCEzQtQEh4K0FYWBP9qLv+lzeQAYXw+3ySfxyZqkw=="
    }
  }
}
